
Microsoft Visual Studio Solution File, Format Version 12.00
# Visual Studio 15
VisualStudioVersion = 15.0.26124.0
MinimumVisualStudioVersion = 15.0.26124.0
Project("{2150E333-8FDC-42A3-9474-1A3956D46DE8}") = "Code", "Code", "{696B0BB7-77D5-4854-A3C1-C28423552A6D}"
EndProject
Project("{FAE04EC0-301F-11D3-BF4B-00C04F79EFBC}") = "Demo1.Api", "Code\Demo1.Api\Demo1.Api.csproj", "{9103EF28-D14B-42B4-B246-810FBAA9CE96}"
EndProject
Project("{FAE04EC0-301F-11D3-BF4B-00C04F79EFBC}") = "Demo1.Business", "Code\Demo1.Business\Demo1.Business.csproj", "{5048972C-E7D3-4430-B9FC-EC31330606DD}"
EndProject
Project("{FAE04EC0-301F-11D3-BF4B-00C04F79EFBC}") = "Demo1.Common", "Code\Demo1.Common\Demo1.Common.csproj", "{11FB50FA-6DAD-4097-A067-ACB1E7B3C381}"
EndProject
Project("{FAE04EC0-301F-11D3-BF4B-00C04F79EFBC}") = "Demo1.Data", "Code\Demo1.Data\Demo1.Data.csproj", "{2A1013F1-4F55-4B66-A5F5-EE79CF8FD6F5}"
EndProject
Project("{FAE04EC0-301F-11D3-BF4B-00C04F79EFBC}") = "Demo1.Entities", "Code\Demo1.Entities\Demo1.Entities.csproj", "{976E8841-C4B4-4BCE-9AF6-601E99E7A510}"
EndProject
Project("{FAE04EC0-301F-11D3-BF4B-00C04F79EFBC}") = "Demo1.Test.Api", "Code\Demo1.Test.Api\Demo1.Test.Api.csproj", "{AD9D8C00-760E-47E9-8B21-9960E5932CE7}"
EndProject
Project("{2150E333-8FDC-42A3-9474-1A3956D46DE8}") = "Test", "Test", "{CC459030-DBA1-11EA-AE16-95867050DEA3}"
EndProject
Global
	GlobalSection(SolutionConfigurationPlatforms) = preSolution
		Debug|Any CPU = Debug|Any CPU
		Debug|x64 = Debug|x64
		Debug|x86 = Debug|x86
		Release|Any CPU = Release|Any CPU
		Release|x64 = Release|x64
		Release|x86 = Release|x86
	EndGlobalSection
	GlobalSection(SolutionProperties) = preSolution
		HideSolutionNode = FALSE
	EndGlobalSection
	GlobalSection(ProjectConfigurationPlatforms) = postSolution
		{9103EF28-D14B-42B4-B246-810FBAA9CE96}.Debug|Any CPU.ActiveCfg = Debug|Any CPU
		{9103EF28-D14B-42B4-B246-810FBAA9CE96}.Debug|Any CPU.Build.0 = Debug|Any CPU
		{9103EF28-D14B-42B4-B246-810FBAA9CE96}.Debug|x64.ActiveCfg = Debug|Any CPU
		{9103EF28-D14B-42B4-B246-810FBAA9CE96}.Debug|x64.Build.0 = Debug|Any CPU
		{9103EF28-D14B-42B4-B246-810FBAA9CE96}.Debug|x86.ActiveCfg = Debug|Any CPU
		{9103EF28-D14B-42B4-B246-810FBAA9CE96}.Debug|x86.Build.0 = Debug|Any CPU
		{9103EF28-D14B-42B4-B246-810FBAA9CE96}.Release|Any CPU.ActiveCfg = Release|Any CPU
		{9103EF28-D14B-42B4-B246-810FBAA9CE96}.Release|Any CPU.Build.0 = Release|Any CPU
		{9103EF28-D14B-42B4-B246-810FBAA9CE96}.Release|x64.ActiveCfg = Release|Any CPU
		{9103EF28-D14B-42B4-B246-810FBAA9CE96}.Release|x64.Build.0 = Release|Any CPU
		{9103EF28-D14B-42B4-B246-810FBAA9CE96}.Release|x86.ActiveCfg = Release|Any CPU
		{9103EF28-D14B-42B4-B246-810FBAA9CE96}.Release|x86.Build.0 = Release|Any CPU
		{5048972C-E7D3-4430-B9FC-EC31330606DD}.Debug|Any CPU.ActiveCfg = Debug|Any CPU
		{5048972C-E7D3-4430-B9FC-EC31330606DD}.Debug|Any CPU.Build.0 = Debug|Any CPU
		{5048972C-E7D3-4430-B9FC-EC31330606DD}.Debug|x64.ActiveCfg = Debug|Any CPU
		{5048972C-E7D3-4430-B9FC-EC31330606DD}.Debug|x64.Build.0 = Debug|Any CPU
		{5048972C-E7D3-4430-B9FC-EC31330606DD}.Debug|x86.ActiveCfg = Debug|Any CPU
		{5048972C-E7D3-4430-B9FC-EC31330606DD}.Debug|x86.Build.0 = Debug|Any CPU
		{5048972C-E7D3-4430-B9FC-EC31330606DD}.Release|Any CPU.ActiveCfg = Release|Any CPU
		{5048972C-E7D3-4430-B9FC-EC31330606DD}.Release|Any CPU.Build.0 = Release|Any CPU
		{5048972C-E7D3-4430-B9FC-EC31330606DD}.Release|x64.ActiveCfg = Release|Any CPU
		{5048972C-E7D3-4430-B9FC-EC31330606DD}.Release|x64.Build.0 = Release|Any CPU
		{5048972C-E7D3-4430-B9FC-EC31330606DD}.Release|x86.ActiveCfg = Release|Any CPU
		{5048972C-E7D3-4430-B9FC-EC31330606DD}.Release|x86.Build.0 = Release|Any CPU
		{11FB50FA-6DAD-4097-A067-ACB1E7B3C381}.Debug|Any CPU.ActiveCfg = Debug|Any CPU
		{11FB50FA-6DAD-4097-A067-ACB1E7B3C381}.Debug|Any CPU.Build.0 = Debug|Any CPU
		{11FB50FA-6DAD-4097-A067-ACB1E7B3C381}.Debug|x64.ActiveCfg = Debug|Any CPU
		{11FB50FA-6DAD-4097-A067-ACB1E7B3C381}.Debug|x64.Build.0 = Debug|Any CPU
		{11FB50FA-6DAD-4097-A067-ACB1E7B3C381}.Debug|x86.ActiveCfg = Debug|Any CPU
		{11FB50FA-6DAD-4097-A067-ACB1E7B3C381}.Debug|x86.Build.0 = Debug|Any CPU
		{11FB50FA-6DAD-4097-A067-ACB1E7B3C381}.Release|Any CPU.ActiveCfg = Release|Any CPU
		{11FB50FA-6DAD-4097-A067-ACB1E7B3C381}.Release|Any CPU.Build.0 = Release|Any CPU
		{11FB50FA-6DAD-4097-A067-ACB1E7B3C381}.Release|x64.ActiveCfg = Release|Any CPU
		{11FB50FA-6DAD-4097-A067-ACB1E7B3C381}.Release|x64.Build.0 = Release|Any CPU
		{11FB50FA-6DAD-4097-A067-ACB1E7B3C381}.Release|x86.ActiveCfg = Release|Any CPU
		{11FB50FA-6DAD-4097-A067-ACB1E7B3C381}.Release|x86.Build.0 = Release|Any CPU
		{2A1013F1-4F55-4B66-A5F5-EE79CF8FD6F5}.Debug|Any CPU.ActiveCfg = Debug|Any CPU
		{2A1013F1-4F55-4B66-A5F5-EE79CF8FD6F5}.Debug|Any CPU.Build.0 = Debug|Any CPU
		{2A1013F1-4F55-4B66-A5F5-EE79CF8FD6F5}.Debug|x64.ActiveCfg = Debug|Any CPU
		{2A1013F1-4F55-4B66-A5F5-EE79CF8FD6F5}.Debug|x64.Build.0 = Debug|Any CPU
		{2A1013F1-4F55-4B66-A5F5-EE79CF8FD6F5}.Debug|x86.ActiveCfg = Debug|Any CPU
		{2A1013F1-4F55-4B66-A5F5-EE79CF8FD6F5}.Debug|x86.Build.0 = Debug|Any CPU
		{2A1013F1-4F55-4B66-A5F5-EE79CF8FD6F5}.Release|Any CPU.ActiveCfg = Release|Any CPU
		{2A1013F1-4F55-4B66-A5F5-EE79CF8FD6F5}.Release|Any CPU.Build.0 = Release|Any CPU
		{2A1013F1-4F55-4B66-A5F5-EE79CF8FD6F5}.Release|x64.ActiveCfg = Release|Any CPU
		{2A1013F1-4F55-4B66-A5F5-EE79CF8FD6F5}.Release|x64.Build.0 = Release|Any CPU
		{2A1013F1-4F55-4B66-A5F5-EE79CF8FD6F5}.Release|x86.ActiveCfg = Release|Any CPU
		{2A1013F1-4F55-4B66-A5F5-EE79CF8FD6F5}.Release|x86.Build.0 = Release|Any CPU
		{976E8841-C4B4-4BCE-9AF6-601E99E7A510}.Debug|Any CPU.ActiveCfg = Debug|Any CPU
		{976E8841-C4B4-4BCE-9AF6-601E99E7A510}.Debug|Any CPU.Build.0 = Debug|Any CPU
		{976E8841-C4B4-4BCE-9AF6-601E99E7A510}.Debug|x64.ActiveCfg = Debug|Any CPU
		{976E8841-C4B4-4BCE-9AF6-601E99E7A510}.Debug|x64.Build.0 = Debug|Any CPU
		{976E8841-C4B4-4BCE-9AF6-601E99E7A510}.Debug|x86.ActiveCfg = Debug|Any CPU
		{976E8841-C4B4-4BCE-9AF6-601E99E7A510}.Debug|x86.Build.0 = Debug|Any CPU
		{976E8841-C4B4-4BCE-9AF6-601E99E7A510}.Release|Any CPU.ActiveCfg = Release|Any CPU
		{976E8841-C4B4-4BCE-9AF6-601E99E7A510}.Release|Any CPU.Build.0 = Release|Any CPU
		{976E8841-C4B4-4BCE-9AF6-601E99E7A510}.Release|x64.ActiveCfg = Release|Any CPU
		{976E8841-C4B4-4BCE-9AF6-601E99E7A510}.Release|x64.Build.0 = Release|Any CPU
		{976E8841-C4B4-4BCE-9AF6-601E99E7A510}.Release|x86.ActiveCfg = Release|Any CPU
		{976E8841-C4B4-4BCE-9AF6-601E99E7A510}.Release|x86.Build.0 = Release|Any CPU
		{AD9D8C00-760E-47E9-8B21-9960E5932CE7}.Debug|Any CPU.ActiveCfg = Debug|Any CPU
		{AD9D8C00-760E-47E9-8B21-9960E5932CE7}.Debug|Any CPU.Build.0 = Debug|Any CPU
		{AD9D8C00-760E-47E9-8B21-9960E5932CE7}.Debug|x64.ActiveCfg = Debug|Any CPU
		{AD9D8C00-760E-47E9-8B21-9960E5932CE7}.Debug|x64.Build.0 = Debug|Any CPU
		{AD9D8C00-760E-47E9-8B21-9960E5932CE7}.Debug|x86.ActiveCfg = Debug|Any CPU
		{AD9D8C00-760E-47E9-8B21-9960E5932CE7}.Debug|x86.Build.0 = Debug|Any CPU
		{AD9D8C00-760E-47E9-8B21-9960E5932CE7}.Release|Any CPU.ActiveCfg = Release|Any CPU
		{AD9D8C00-760E-47E9-8B21-9960E5932CE7}.Release|Any CPU.Build.0 = Release|Any CPU
		{AD9D8C00-760E-47E9-8B21-9960E5932CE7}.Release|x64.ActiveCfg = Release|Any CPU
		{AD9D8C00-760E-47E9-8B21-9960E5932CE7}.Release|x64.Build.0 = Release|Any CPU
		{AD9D8C00-760E-47E9-8B21-9960E5932CE7}.Release|x86.ActiveCfg = Release|Any CPU
		{AD9D8C00-760E-47E9-8B21-9960E5932CE7}.Release|x86.Build.0 = Release|Any CPU
	EndGlobalSection
	GlobalSection(NestedProjects) = preSolution
		{9103EF28-D14B-42B4-B246-810FBAA9CE96} = {696B0BB7-77D5-4854-A3C1-C28423552A6D}
		{5048972C-E7D3-4430-B9FC-EC31330606DD} = {696B0BB7-77D5-4854-A3C1-C28423552A6D}
		{11FB50FA-6DAD-4097-A067-ACB1E7B3C381} = {696B0BB7-77D5-4854-A3C1-C28423552A6D}
		{2A1013F1-4F55-4B66-A5F5-EE79CF8FD6F5} = {696B0BB7-77D5-4854-A3C1-C28423552A6D}
		{976E8841-C4B4-4BCE-9AF6-601E99E7A510} = {696B0BB7-77D5-4854-A3C1-C28423552A6D}
		{AD9D8C00-760E-47E9-8B21-9960E5932CE7} = {CC459030-DBA1-11EA-AE16-95867050DEA3}
	EndGlobalSection
EndGlobal
